
Microsoft Visual Studio Solution File, Format Version 12.00
# Visual Studio Version 16
VisualStudioVersion = 16.0.30011.22
MinimumVisualStudioVersion = 10.0.40219.1
Project("{FAE04EC0-301F-11D3-BF4B-00C04F79EFBC}") = "Lab 8 - Get to Know Your Classmates", "Lab 8 - Get to Know Your Classmates\Lab 8 - Get to Know Your Classmates.csproj", "{F3916607-B5BD-4D33-95B0-78BE152001F8}"
EndProject
Global
	GlobalSection(SolutionConfigurationPlatforms) = preSolution
		Debug|Any CPU = Debug|Any CPU
		Release|Any CPU = Release|Any CPU
	EndGlobalSection
	GlobalSection(ProjectConfigurationPlatforms) = postSolution
		{F3916607-B5BD-4D33-95B0-78BE152001F8}.Debug|Any CPU.ActiveCfg = Debug|Any CPU
		{F3916607-B5BD-4D33-95B0-78BE152001F8}.Debug|Any CPU.Build.0 = Debug|Any CPU
		{F3916607-B5BD-4D33-95B0-78BE152001F8}.Release|Any CPU.ActiveCfg = Release|Any CPU
		{F3916607-B5BD-4D33-95B0-78BE152001F8}.Release|Any CPU.Build.0 = Release|Any CPU
	EndGlobalSection
	GlobalSection(SolutionProperties) = preSolution
		HideSolutionNode = FALSE
	EndGlobalSection
	GlobalSection(ExtensibilityGlobals) = postSolution
		SolutionGuid = {BE21BBD1-6411-4FF2-BD51-3CF7ACB6250A}
	EndGlobalSection
EndGlobal
